
Microsoft Visual Studio Solution File, Format Version 12.00
# Visual Studio Version 17
VisualStudioVersion = 17.0.31903.59
MinimumVisualStudioVersion = 10.0.40219.1
Project("{FAE04EC0-301F-11D3-BF4B-00C04F79EFBC}") = "BankApp.Core", "BankApp.Core\BankApp.Core.csproj", "{FFA6C05F-CE6A-4F20-BEF1-35A118261AD2}"
EndProject
Project("{FAE04EC0-301F-11D3-BF4B-00C04F79EFBC}") = "BankApp.Domain", "BankApp.Domain\BankApp.Domain.csproj", "{083DC954-A0F6-4FA2-A01E-FE98BFD26258}"
EndProject
Project("{FAE04EC0-301F-11D3-BF4B-00C04F79EFBC}") = "BankApp.Application", "BankApp.Application\BankApp.Application.csproj", "{166CD869-4D23-427B-B609-5F7557AD62BA}"
EndProject
Project("{FAE04EC0-301F-11D3-BF4B-00C04F79EFBC}") = "BankApp.Persistence", "BankApp.Persistence\BankApp.Persistence.csproj", "{25AF0767-69B6-4672-A9F8-1F7BDE95AF07}"
EndProject
Project("{FAE04EC0-301F-11D3-BF4B-00C04F79EFBC}") = "BankApp.WebApi", "BankApp.WebApi\BankApp.WebApi.csproj", "{F57A28F7-70A9-4664-BA2E-E5F75322D369}"
EndProject
Global
	GlobalSection(SolutionConfigurationPlatforms) = preSolution
		Debug|Any CPU = Debug|Any CPU
		Debug|x64 = Debug|x64
		Debug|x86 = Debug|x86
		Release|Any CPU = Release|Any CPU
		Release|x64 = Release|x64
		Release|x86 = Release|x86
	EndGlobalSection
	GlobalSection(ProjectConfigurationPlatforms) = postSolution
		{FFA6C05F-CE6A-4F20-BEF1-35A118261AD2}.Debug|Any CPU.ActiveCfg = Debug|Any CPU
		{FFA6C05F-CE6A-4F20-BEF1-35A118261AD2}.Debug|Any CPU.Build.0 = Debug|Any CPU
		{FFA6C05F-CE6A-4F20-BEF1-35A118261AD2}.Debug|x64.ActiveCfg = Debug|Any CPU
		{FFA6C05F-CE6A-4F20-BEF1-35A118261AD2}.Debug|x64.Build.0 = Debug|Any CPU
		{FFA6C05F-CE6A-4F20-BEF1-35A118261AD2}.Debug|x86.ActiveCfg = Debug|Any CPU
		{FFA6C05F-CE6A-4F20-BEF1-35A118261AD2}.Debug|x86.Build.0 = Debug|Any CPU
		{FFA6C05F-CE6A-4F20-BEF1-35A118261AD2}.Release|Any CPU.ActiveCfg = Release|Any CPU
		{FFA6C05F-CE6A-4F20-BEF1-35A118261AD2}.Release|Any CPU.Build.0 = Release|Any CPU
		{FFA6C05F-CE6A-4F20-BEF1-35A118261AD2}.Release|x64.ActiveCfg = Release|Any CPU
		{FFA6C05F-CE6A-4F20-BEF1-35A118261AD2}.Release|x64.Build.0 = Release|Any CPU
		{FFA6C05F-CE6A-4F20-BEF1-35A118261AD2}.Release|x86.ActiveCfg = Release|Any CPU
		{FFA6C05F-CE6A-4F20-BEF1-35A118261AD2}.Release|x86.Build.0 = Release|Any CPU
		{083DC954-A0F6-4FA2-A01E-FE98BFD26258}.Debug|Any CPU.ActiveCfg = Debug|Any CPU
		{083DC954-A0F6-4FA2-A01E-FE98BFD26258}.Debug|Any CPU.Build.0 = Debug|Any CPU
		{083DC954-A0F6-4FA2-A01E-FE98BFD26258}.Debug|x64.ActiveCfg = Debug|Any CPU
		{083DC954-A0F6-4FA2-A01E-FE98BFD26258}.Debug|x64.Build.0 = Debug|Any CPU
		{083DC954-A0F6-4FA2-A01E-FE98BFD26258}.Debug|x86.ActiveCfg = Debug|Any CPU
		{083DC954-A0F6-4FA2-A01E-FE98BFD26258}.Debug|x86.Build.0 = Debug|Any CPU
		{083DC954-A0F6-4FA2-A01E-FE98BFD26258}.Release|Any CPU.ActiveCfg = Release|Any CPU
		{083DC954-A0F6-4FA2-A01E-FE98BFD26258}.Release|Any CPU.Build.0 = Release|Any CPU
		{083DC954-A0F6-4FA2-A01E-FE98BFD26258}.Release|x64.ActiveCfg = Release|Any CPU
		{083DC954-A0F6-4FA2-A01E-FE98BFD26258}.Release|x64.Build.0 = Release|Any CPU
		{083DC954-A0F6-4FA2-A01E-FE98BFD26258}.Release|x86.ActiveCfg = Release|Any CPU
		{083DC954-A0F6-4FA2-A01E-FE98BFD26258}.Release|x86.Build.0 = Release|Any CPU
		{166CD869-4D23-427B-B609-5F7557AD62BA}.Debug|Any CPU.ActiveCfg = Debug|Any CPU
		{166CD869-4D23-427B-B609-5F7557AD62BA}.Debug|Any CPU.Build.0 = Debug|Any CPU
		{166CD869-4D23-427B-B609-5F7557AD62BA}.Debug|x64.ActiveCfg = Debug|Any CPU
		{166CD869-4D23-427B-B609-5F7557AD62BA}.Debug|x64.Build.0 = Debug|Any CPU
		{166CD869-4D23-427B-B609-5F7557AD62BA}.Debug|x86.ActiveCfg = Debug|Any CPU
		{166CD869-4D23-427B-B609-5F7557AD62BA}.Debug|x86.Build.0 = Debug|Any CPU
		{166CD869-4D23-427B-B609-5F7557AD62BA}.Release|Any CPU.ActiveCfg = Release|Any CPU
		{166CD869-4D23-427B-B609-5F7557AD62BA}.Release|Any CPU.Build.0 = Release|Any CPU
		{166CD869-4D23-427B-B609-5F7557AD62BA}.Release|x64.ActiveCfg = Release|Any CPU
		{166CD869-4D23-427B-B609-5F7557AD62BA}.Release|x64.Build.0 = Release|Any CPU
		{166CD869-4D23-427B-B609-5F7557AD62BA}.Release|x86.ActiveCfg = Release|Any CPU
		{166CD869-4D23-427B-B609-5F7557AD62BA}.Release|x86.Build.0 = Release|Any CPU
		{25AF0767-69B6-4672-A9F8-1F7BDE95AF07}.Debug|Any CPU.ActiveCfg = Debug|Any CPU
		{25AF0767-69B6-4672-A9F8-1F7BDE95AF07}.Debug|Any CPU.Build.0 = Debug|Any CPU
		{25AF0767-69B6-4672-A9F8-1F7BDE95AF07}.Debug|x64.ActiveCfg = Debug|Any CPU
		{25AF0767-69B6-4672-A9F8-1F7BDE95AF07}.Debug|x64.Build.0 = Debug|Any CPU
		{25AF0767-69B6-4672-A9F8-1F7BDE95AF07}.Debug|x86.ActiveCfg = Debug|Any CPU
		{25AF0767-69B6-4672-A9F8-1F7BDE95AF07}.Debug|x86.Build.0 = Debug|Any CPU
		{25AF0767-69B6-4672-A9F8-1F7BDE95AF07}.Release|Any CPU.ActiveCfg = Release|Any CPU
		{25AF0767-69B6-4672-A9F8-1F7BDE95AF07}.Release|Any CPU.Build.0 = Release|Any CPU
		{25AF0767-69B6-4672-A9F8-1F7BDE95AF07}.Release|x64.ActiveCfg = Release|Any CPU
		{25AF0767-69B6-4672-A9F8-1F7BDE95AF07}.Release|x64.Build.0 = Release|Any CPU
		{25AF0767-69B6-4672-A9F8-1F7BDE95AF07}.Release|x86.ActiveCfg = Release|Any CPU
		{25AF0767-69B6-4672-A9F8-1F7BDE95AF07}.Release|x86.Build.0 = Release|Any CPU
		{F57A28F7-70A9-4664-BA2E-E5F75322D369}.Debug|Any CPU.ActiveCfg = Debug|Any CPU
		{F57A28F7-70A9-4664-BA2E-E5F75322D369}.Debug|Any CPU.Build.0 = Debug|Any CPU
		{F57A28F7-70A9-4664-BA2E-E5F75322D369}.Debug|x64.ActiveCfg = Debug|Any CPU
		{F57A28F7-70A9-4664-BA2E-E5F75322D369}.Debug|x64.Build.0 = Debug|Any CPU
		{F57A28F7-70A9-4664-BA2E-E5F75322D369}.Debug|x86.ActiveCfg = Debug|Any CPU
		{F57A28F7-70A9-4664-BA2E-E5F75322D369}.Debug|x86.Build.0 = Debug|Any CPU
		{F57A28F7-70A9-4664-BA2E-E5F75322D369}.Release|Any CPU.ActiveCfg = Release|Any CPU
		{F57A28F7-70A9-4664-BA2E-E5F75322D369}.Release|Any CPU.Build.0 = Release|Any CPU
		{F57A28F7-70A9-4664-BA2E-E5F75322D369}.Release|x64.ActiveCfg = Release|Any CPU
		{F57A28F7-70A9-4664-BA2E-E5F75322D369}.Release|x64.Build.0 = Release|Any CPU
		{F57A28F7-70A9-4664-BA2E-E5F75322D369}.Release|x86.ActiveCfg = Release|Any CPU
		{F57A28F7-70A9-4664-BA2E-E5F75322D369}.Release|x86.Build.0 = Release|Any CPU
	EndGlobalSection
	GlobalSection(SolutionProperties) = preSolution
		HideSolutionNode = FALSE
	EndGlobalSection
EndGlobal
